
Microsoft Visual Studio Solution File, Format Version 12.00
# Visual Studio Version 17
VisualStudioVersion = 17.9.34714.143
MinimumVisualStudioVersion = 10.0.40219.1
Project("{FAE04EC0-301F-11D3-BF4B-00C04F79EFBC}") = "Simple.Bullring", "Simple.Bullring\Simple.Bullring.csproj", "{A3DDBA78-6A14-4E38-A78A-6931165D4CC5}"
EndProject
Global
	GlobalSection(SolutionConfigurationPlatforms) = preSolution
		Debug|Any CPU = Debug|Any CPU
		Release|Any CPU = Release|Any CPU
	EndGlobalSection
	GlobalSection(ProjectConfigurationPlatforms) = postSolution
		{A3DDBA78-6A14-4E38-A78A-6931165D4CC5}.Debug|Any CPU.ActiveCfg = Debug|Any CPU
		{A3DDBA78-6A14-4E38-A78A-6931165D4CC5}.Debug|Any CPU.Build.0 = Debug|Any CPU
		{A3DDBA78-6A14-4E38-A78A-6931165D4CC5}.Release|Any CPU.ActiveCfg = Release|Any CPU
		{A3DDBA78-6A14-4E38-A78A-6931165D4CC5}.Release|Any CPU.Build.0 = Release|Any CPU
	EndGlobalSection
	GlobalSection(SolutionProperties) = preSolution
		HideSolutionNode = FALSE
	EndGlobalSection
	GlobalSection(ExtensibilityGlobals) = postSolution
		SolutionGuid = {F7431579-6748-4B79-8D14-9BAAE5835515}
	EndGlobalSection
EndGlobal
